
Microsoft Visual Studio Solution File, Format Version 12.00
# Visual Studio Version 16
VisualStudioVersion = 16.0.30503.244
MinimumVisualStudioVersion = 10.0.40219.1
Project("{FAE04EC0-301F-11D3-BF4B-00C04F79EFBC}") = "Kalkulator", "CSharpVaje\Kalkulator.csproj", "{AC366904-884D-4C49-AE82-A1C7EC0FEED0}"
EndProject
Project("{FAE04EC0-301F-11D3-BF4B-00C04F79EFBC}") = "Kruh", "Kruh\Kruh.csproj", "{50B961C0-F521-4B79-BAF9-6B09D87ED567}"
EndProject
Project("{FAE04EC0-301F-11D3-BF4B-00C04F79EFBC}") = "BMICalc", "BMICalc\BMICalc.csproj", "{9FC78D9A-D582-47F6-9E98-E18C01C44FAD}"
EndProject
Project("{FAE04EC0-301F-11D3-BF4B-00C04F79EFBC}") = "Svetilka", "Svetilka\Svetilka.csproj", "{C4ED6049-EF46-4180-9853-C0F80E20592A}"
EndProject
Global
	GlobalSection(SolutionConfigurationPlatforms) = preSolution
		Debug|Any CPU = Debug|Any CPU
		Release|Any CPU = Release|Any CPU
	EndGlobalSection
	GlobalSection(ProjectConfigurationPlatforms) = postSolution
		{AC366904-884D-4C49-AE82-A1C7EC0FEED0}.Debug|Any CPU.ActiveCfg = Debug|Any CPU
		{AC366904-884D-4C49-AE82-A1C7EC0FEED0}.Debug|Any CPU.Build.0 = Debug|Any CPU
		{AC366904-884D-4C49-AE82-A1C7EC0FEED0}.Release|Any CPU.ActiveCfg = Release|Any CPU
		{AC366904-884D-4C49-AE82-A1C7EC0FEED0}.Release|Any CPU.Build.0 = Release|Any CPU
		{50B961C0-F521-4B79-BAF9-6B09D87ED567}.Debug|Any CPU.ActiveCfg = Debug|Any CPU
		{50B961C0-F521-4B79-BAF9-6B09D87ED567}.Debug|Any CPU.Build.0 = Debug|Any CPU
		{50B961C0-F521-4B79-BAF9-6B09D87ED567}.Release|Any CPU.ActiveCfg = Release|Any CPU
		{50B961C0-F521-4B79-BAF9-6B09D87ED567}.Release|Any CPU.Build.0 = Release|Any CPU
		{9FC78D9A-D582-47F6-9E98-E18C01C44FAD}.Debug|Any CPU.ActiveCfg = Debug|Any CPU
		{9FC78D9A-D582-47F6-9E98-E18C01C44FAD}.Debug|Any CPU.Build.0 = Debug|Any CPU
		{9FC78D9A-D582-47F6-9E98-E18C01C44FAD}.Release|Any CPU.ActiveCfg = Release|Any CPU
		{9FC78D9A-D582-47F6-9E98-E18C01C44FAD}.Release|Any CPU.Build.0 = Release|Any CPU
		{C4ED6049-EF46-4180-9853-C0F80E20592A}.Debug|Any CPU.ActiveCfg = Debug|Any CPU
		{C4ED6049-EF46-4180-9853-C0F80E20592A}.Debug|Any CPU.Build.0 = Debug|Any CPU
		{C4ED6049-EF46-4180-9853-C0F80E20592A}.Release|Any CPU.ActiveCfg = Release|Any CPU
		{C4ED6049-EF46-4180-9853-C0F80E20592A}.Release|Any CPU.Build.0 = Release|Any CPU
	EndGlobalSection
	GlobalSection(SolutionProperties) = preSolution
		HideSolutionNode = FALSE
	EndGlobalSection
	GlobalSection(ExtensibilityGlobals) = postSolution
		SolutionGuid = {9B912E22-B86D-4EB2-B3E8-19E553BFFBD1}
	EndGlobalSection
EndGlobal
